
Microsoft Visual Studio Solution File, Format Version 12.00
# Visual Studio 15
VisualStudioVersion = 15.0.28307.106
MinimumVisualStudioVersion = 10.0.40219.1
Project("{FAE04EC0-301F-11D3-BF4B-00C04F79EFBC}") = "DiscordTracker", "DiscordTracker\DiscordTracker.csproj", "{ABDDC426-C028-4B8B-8CE0-546FAD83E8F6}"
EndProject
Global
	GlobalSection(SolutionConfigurationPlatforms) = preSolution
		Debug|Any CPU = Debug|Any CPU
		Release|Any CPU = Release|Any CPU
	EndGlobalSection
	GlobalSection(ProjectConfigurationPlatforms) = postSolution
		{ABDDC426-C028-4B8B-8CE0-546FAD83E8F6}.Debug|Any CPU.ActiveCfg = Debug|Any CPU
		{ABDDC426-C028-4B8B-8CE0-546FAD83E8F6}.Debug|Any CPU.Build.0 = Debug|Any CPU
		{ABDDC426-C028-4B8B-8CE0-546FAD83E8F6}.Release|Any CPU.ActiveCfg = Release|Any CPU
		{ABDDC426-C028-4B8B-8CE0-546FAD83E8F6}.Release|Any CPU.Build.0 = Release|Any CPU
	EndGlobalSection
	GlobalSection(SolutionProperties) = preSolution
		HideSolutionNode = FALSE
	EndGlobalSection
	GlobalSection(ExtensibilityGlobals) = postSolution
		SolutionGuid = {D5FBDC4A-2E28-4987-A2EF-E90C7F045CF2}
	EndGlobalSection
EndGlobal
